// !$*UTF8*$!
{
	archiveVersion = 1;
	classes = {
	};
	objectVersion = 50;
	objects = {

/* Begin PBXBuildFile section */
		2D3152FF21BE708700934014 /* AppDelegate.swift in Sources */ = {isa = PBXBuildFile; fileRef = 2D3152FE21BE708700934014 /* AppDelegate.swift */; };
		2D31530121BE708700934014 /* ViewController.swift in Sources */ = {isa = PBXBuildFile; fileRef = 2D31530021BE708700934014 /* ViewController.swift */; };
		2D31530421BE708700934014 /* Main.storyboard in Resources */ = {isa = PBXBuildFile; fileRef = 2D31530221BE708700934014 /* Main.storyboard */; };
		2D31530621BE709500934014 /* Assets.xcassets in Resources */ = {isa = PBXBuildFile; fileRef = 2D31530521BE709500934014 /* Assets.xcassets */; };
		2D31530921BE709500934014 /* LaunchScreen.storyboard in Resources */ = {isa = PBXBuildFile; fileRef = 2D31530721BE709500934014 /* LaunchScreen.storyboard */; };
		4503BB23569D6E77FBD093B2 /* Pods_SwiftQrCodeReader.framework in Frameworks */ = {isa = PBXBuildFile; fileRef = EDDDC438F5FFEEC683E83C92 /* Pods_SwiftQrCodeReader.framework */; };
/* End PBXBuildFile section */

/* Begin PBXFileReference section */
		2D3152FB21BE708700934014 /* SwiftQrCodeReader.app */ = {isa = PBXFileReference; explicitFileType = wrapper.application; includeInIndex = 0; path = SwiftQrCodeReader.app; sourceTree = BUILT_PRODUCTS_DIR; };
		2D3152FE21BE708700934014 /* AppDelegate.swift */ = {isa = PBXFileReference; lastKnownFileType = sourcecode.swift; path = AppDelegate.swift; sourceTree = "<group>"; };
		2D31530021BE708700934014 /* ViewController.swift */ = {isa = PBXFileReference; lastKnownFileType = sourcecode.swift; path = ViewController.swift; sourceTree = "<group>"; };
		2D31530321BE708700934014 /* Base */ = {isa = PBXFileReference; lastKnownFileType = file.storyboard; name = Base; path = Base.lproj/Main.storyboard; sourceTree = "<group>"; };
		2D31530521BE709500934014 /* Assets.xcassets */ = {isa = PBXFileReference; lastKnownFileType = folder.assetcatalog; path = Assets.xcassets; sourceTree = "<group>"; };
		2D31530821BE709500934014 /* Base */ = {isa = PBXFileReference; lastKnownFileType = file.storyboard; name = Base; path = Base.lproj/LaunchScreen.storyboard; sourceTree = "<group>"; };
		2D31530A21BE709500934014 /* Info.plist */ = {isa = PBXFileReference; lastKnownFileType = text.plist.xml; path = Info.plist; sourceTree = "<group>"; };
		7745793D024549B62A31C9EE /* Pods-SwiftQrCodeReader.release.xcconfig */ = {isa = PBXFileReference; includeInIndex = 1; lastKnownFileType = text.xcconfig; name = "Pods-SwiftQrCodeReader.release.xcconfig"; path = "Pods/Target Support Files/Pods-SwiftQrCodeReader/Pods-SwiftQrCodeReader.release.xcconfig"; sourceTree = "<group>"; };
		7E5FF2349F83DF52F4028081 /* Pods-SwiftQrCodeReader.debug.xcconfig */ = {isa = PBXFileReference; includeInIndex = 1; lastKnownFileType = text.xcconfig; name = "Pods-SwiftQrCodeReader.debug.xcconfig"; path = "Pods/Target Support Files/Pods-SwiftQrCodeReader/Pods-SwiftQrCodeReader.debug.xcconfig"; sourceTree = "<group>"; };
		EDDDC438F5FFEEC683E83C92 /* Pods_SwiftQrCodeReader.framework */ = {isa = PBXFileReference; explicitFileType = wrapper.framework; includeInIndex = 0; path = Pods_SwiftQrCodeReader.framework; sourceTree = BUILT_PRODUCTS_DIR; };
/* End PBXFileReference section */

/* Begin PBXFrameworksBuildPhase section */
		2D3152F821BE708700934014 /* Frameworks */ = {
			isa = PBXFrameworksBuildPhase;
			buildActionMask = 2147483647;
			files = (
				4503BB23569D6E77FBD093B2 /* Pods_SwiftQrCodeReader.framework in Frameworks */,
			);
			runOnlyForDeploymentPostprocessing = 0;
		};
/* End PBXFrameworksBuildPhase section */

/* Begin PBXGroup section */
		2D3152F221BE708700934014 = {
			isa = PBXGroup;
			children = (
				2D3152FD21BE708700934014 /* SwiftQrCodeReader */,
				2D3152FC21BE708700934014 /* Products */,
				FF539D87841346D6D626FCC2 /* Pods */,
				4AB2C7CD69500BC9F63755DC /* Frameworks */,
			);
			sourceTree = "<group>";
		};
		2D3152FC21BE708700934014 /* Products */ = {
			isa = PBXGroup;
			children = (
				2D3152FB21BE708700934014 /* SwiftQrCodeReader.app */,
			);
			name = Products;
			sourceTree = "<group>";
		};
		2D3152FD21BE708700934014 /* SwiftQrCodeReader */ = {
			isa = PBXGroup;
			children = (
				2D3152FE21BE708700934014 /* AppDelegate.swift */,
				2D31530021BE708700934014 /* ViewController.swift */,
				2D31530221BE708700934014 /* Main.storyboard */,
				2D31530521BE709500934014 /* Assets.xcassets */,
				2D31530721BE709500934014 /* LaunchScreen.storyboard */,
				2D31530A21BE709500934014 /* Info.plist */,
			);
			path = SwiftQrCodeReader;
			sourceTree = "<group>";
		};
		4AB2C7CD69500BC9F63755DC /* Frameworks */ = {
			isa = PBXGroup;
			children = (
				EDDDC438F5FFEEC683E83C92 /* Pods_SwiftQrCodeReader.framework */,
			);
			name = Frameworks;
			sourceTree = "<group>";
		};
		FF539D87841346D6D626FCC2 /* Pods */ = {
			isa = PBXGroup;
			children = (
				7E5FF2349F83DF52F4028081 /* Pods-SwiftQrCodeReader.debug.xcconfig */,
				7745793D024549B62A31C9EE /* Pods-SwiftQrCodeReader.release.xcconfig */,
			);
			name = Pods;
			sourceTree = "<group>";
		};
/* End PBXGroup section */

/* Begin PBXNativeTarget section */
		2D3152FA21BE708700934014 /* SwiftQrCodeReader */ = {
			isa = PBXNativeTarget;
			buildConfigurationList = 2D31530D21BE709500934014 /* Build configuration list for PBXNativeTarget "SwiftQrCodeReader" */;
			buildPhases = (
				EA3D3D34BBED78A90ACE0F0E /* [CP] Check Pods Manifest.lock */,
				2D3152F721BE708700934014 /* Sources */,
				2D3152F821BE708700934014 /* Frameworks */,
				2D3152F921BE708700934014 /* Resources */,
				CF1D5751563F9F97C020180F /* [CP] Embed Pods Frameworks */,
			);
			buildRules = (
			);
			dependencies = (
			);
			name = SwiftQrCodeReader;
			productName = SwiftQrCodeReader;
			productReference = 2D3152FB21BE708700934014 /* SwiftQrCodeReader.app */;
			productType = "com.apple.product-type.application";
		};
/* End PBXNativeTarget section */

/* Begin PBXProject section */
		2D3152F321BE708700934014 /* Project object */ = {
			isa = PBXProject;
			attributes = {
				LastSwiftUpdateCheck = 1010;
				LastUpgradeCheck = 1010;
				ORGANIZATIONNAME = "Marcelo Sampaio";
				TargetAttributes = {
					2D3152FA21BE708700934014 = {
						CreatedOnToolsVersion = 10.1;
					};
				};
			};
			buildConfigurationList = 2D3152F621BE708700934014 /* Build configuration list for PBXProject "SwiftQrCodeReader" */;
			compatibilityVersion = "Xcode 9.3";
			developmentRegion = en;
			hasScannedForEncodings = 0;
			knownRegions = (
				en,
				Base,
			);
			mainGroup = 2D3152F221BE708700934014;
			productRefGroup = 2D3152FC21BE708700934014 /* Products */;
			projectDirPath = "";
			projectRoot = "";
			targets = (
				2D3152FA21BE708700934014 /* SwiftQrCodeReader */,
			);
		};
/* End PBXProject section */

/* Begin PBXResourcesBuildPhase section */
		2D3152F921BE708700934014 /* Resources */ = {
			isa = PBXResourcesBuildPhase;
			buildActionMask = 2147483647;
			files = (
				2D31530921BE709500934014 /* LaunchScreen.storyboard in Resources */,
				2D31530621BE709500934014 /* Assets.xcassets in Resources */,
				2D31530421BE708700934014 /* Main.storyboard in Resources */,
			);
			runOnlyForDeploymentPostprocessing = 0;
		};
/* End PBXResourcesBuildPhase section */

/* Begin PBXShellScriptBuildPhase section */
		CF1D5751563F9F97C020180F /* [CP] Embed Pods Frameworks */ = {
			isa = PBXShellScriptBuildPhase;
			buildActionMask = 2147483647;
			files = (
			);
			inputFileListPaths = (
			);
			inputPaths = (
				"${SRCROOT}/Pods/Target Support Files/Pods-SwiftQrCodeReader/Pods-SwiftQrCodeReader-frameworks.sh",
				"${BUILT_PRODUCTS_DIR}/QRCodeReader.swift/QRCodeReader.framework",
			);
			name = "[CP] Embed Pods Frameworks";
			outputFileListPaths = (
			);
			outputPaths = (
				"${TARGET_BUILD_DIR}/${FRAMEWORKS_FOLDER_PATH}/QRCodeReader.framework",
			);
			runOnlyForDeploymentPostprocessing = 0;
			shellPath = /bin/sh;
			shellScript = "\"${SRCROOT}/Pods/Target Support Files/Pods-SwiftQrCodeReader/Pods-SwiftQrCodeReader-frameworks.sh\"\n";
			showEnvVarsInLog = 0;
		};
		EA3D3D34BBED78A90ACE0F0E /* [CP] Check Pods Manifest.lock */ = {
			isa = PBXShellScriptBuildPhase;
			buildActionMask = 2147483647;
			files = (
			);
			inputFileListPaths = (
			);
			inputPaths = (
				"${PODS_PODFILE_DIR_PATH}/Podfile.lock",
				"${PODS_ROOT}/Manifest.lock",
			);
			name = "[CP] Check Pods Manifest.lock";
			outputFileListPaths = (
			);
			outputPaths = (
				"$(DERIVED_FILE_DIR)/Pods-SwiftQrCodeReader-checkManifestLockResult.txt",
			);
			runOnlyForDeploymentPostprocessing = 0;
			shellPath = /bin/sh;
			shellScript = "diff \"${PODS_PODFILE_DIR_PATH}/Podfile.lock\" \"${PODS_ROOT}/Manifest.lock\" > /dev/null\nif [ $? != 0 ] ; then\n    # print error to STDERR\n    echo \"error: The sandbox is not in sync with the Podfile.lock. Run 'pod install' or update your CocoaPods installation.\" >&2\n    exit 1\nfi\n# This output is used by Xcode 'outputs' to avoid re-running this script phase.\necho \"SUCCESS\" > \"${SCRIPT_OUTPUT_FILE_0}\"\n";
			showEnvVarsInLog = 0;
		};
/* End PBXShellScriptBuildPhase section */

/* Begin PBXSourcesBuildPhase section */
		2D3152F721BE708700934014 /* Sources */ = {
			isa = PBXSourcesBuildPhase;
			buildActionMask = 2147483647;
			files = (
				2D31530121BE708700934014 /* ViewController.swift in Sources */,
				2D3152FF21BE708700934014 /* AppDelegate.swift in Sources */,
			);
			runOnlyForDeploymentPostprocessing = 0;
		};
/* End PBXSourcesBuildPhase section */

/* Begin PBXVariantGroup section */
		2D31530221BE708700934014 /* Main.storyboard */ = {
			isa = PBXVariantGroup;
			children = (
				2D31530321BE708700934014 /* Base */,
			);
			name = Main.storyboard;
			sourceTree = "<group>";
		};
		2D31530721BE709500934014 /* LaunchScreen.storyboard */ = {
			isa = PBXVariantGroup;
			children = (
				2D31530821BE709500934014 /* Base */,
			);
			name = LaunchScreen.storyboard;
			sourceTree = "<group>";
		};
/* End PBXVariantGroup section */

/* Begin XCBuildConfiguration section */
		2D31530B21BE709500934014 /* Debug */ = {
			isa = XCBuildConfiguration;
			buildSettings = {
				ALWAYS_SEARCH_USER_PATHS = NO;
				CLANG_ANALYZER_NONNULL = YES;
				CLANG_ANALYZER_NUMBER_OBJECT_CONVERSION = YES_AGGRESSIVE;
				CLANG_CXX_LANGUAGE_STANDARD = "gnu++14";
				CLANG_CXX_LIBRARY = "libc++";
				CLANG_ENABLE_MODULES = YES;
				CLANG_ENABLE_OBJC_ARC = YES;
				CLANG_ENABLE_OBJC_WEAK = YES;
				CLANG_WARN_BLOCK_CAPTURE_AUTORELEASING = YES;
				CLANG_WARN_BOOL_CONVERSION = YES;
				CLANG_WARN_COMMA = YES;
				CLANG_WARN_CONSTANT_CONVERSION = YES;
				CLANG_WARN_DEPRECATED_OBJC_IMPLEMENTATIONS = YES;
				CLANG_WARN_DIRECT_OBJC_ISA_USAGE = YES_ERROR;
				CLANG_WARN_DOCUMENTATION_COMMENTS = YES;
				CLANG_WARN_EMPTY_BODY = YES;
				CLANG_WARN_ENUM_CONVERSION = YES;
				CLANG_WARN_INFINITE_RECURSION = YES;
				CLANG_WARN_INT_CONVERSION = YES;
				CLANG_WARN_NON_LITERAL_NULL_CONVERSION = YES;
				CLANG_WARN_OBJC_IMPLICIT_RETAIN_SELF = YES;
				CLANG_WARN_OBJC_LITERAL_CONVERSION = YES;
				CLANG_WARN_OBJC_ROOT_CLASS = YES_ERROR;
				CLANG_WARN_RANGE_LOOP_ANALYSIS = YES;
				CLANG_WARN_STRICT_PROTOTYPES = YES;
				CLANG_WARN_SUSPICIOUS_MOVE = YES;
				CLANG_WARN_UNGUARDED_AVAILABILITY = YES_AGGRESSIVE;
				CLANG_WARN_UNREACHABLE_CODE = YES;
				CLANG_WARN__DUPLICATE_METHOD_MATCH = YES;
				CODE_SIGN_IDENTITY = "iPhone Developer";
				COPY_PHASE_STRIP = NO;
				DEBUG_INFORMATION_FORMAT = dwarf;
				ENABLE_STRICT_OBJC_MSGSEND = YES;
				ENABLE_TESTABILITY = YES;
				GCC_C_LANGUAGE_STANDARD = gnu11;
				GCC_DYNAMIC_NO_PIC = NO;
				GCC_NO_COMMON_BLOCKS = YES;
				GCC_OPTIMIZATION_LEVEL = 0;
				GCC_PREPROCESSOR_DEFINITIONS = (
					"DEBUG=1",
					"$(inherited)",
				);
				GCC_WARN_64_TO_32_BIT_CONVERSION = YES;
				GCC_WARN_ABOUT_RETURN_TYPE = YES_ERROR;
				GCC_WARN_UNDECLARED_SELECTOR = YES;
				GCC_WARN_UNINITIALIZED_AUTOS = YES_AGGRESSIVE;
				GCC_WARN_UNUSED_FUNCTION = YES;
				GCC_WARN_UNUSED_VARIABLE = YES;
				IPHONEOS_DEPLOYMENT_TARGET = 12.1;
				MTL_ENABLE_DEBUG_INFO = INCLUDE_SOURCE;
				MTL_FAST_MATH = YES;
				ONLY_ACTIVE_ARCH = YES;
				SDKROOT = iphoneos;
				SWIFT_ACTIVE_COMPILATION_CONDITIONS = DEBUG;
				SWIFT_OPTIMIZATION_LEVEL = "-Onone";
			};
			name = Debug;
		};
		2D31530C21BE709500934014 /* Release */ = {
			isa = XCBuildConfiguration;
			buildSettings = {
				ALWAYS_SEARCH_USER_PATHS = NO;
				CLANG_ANALYZER_NONNULL = YES;
				CLANG_ANALYZER_NUMBER_OBJECT_CONVERSION = YES_AGGRESSIVE;
				CLANG_CXX_LANGUAGE_STANDARD = "gnu++14";
				CLANG_CXX_LIBRARY = "libc++";
				CLANG_ENABLE_MODULES = YES;
				CLANG_ENABLE_OBJC_ARC = YES;
				CLANG_ENABLE_OBJC_WEAK = YES;
				CLANG_WARN_BLOCK_CAPTURE_AUTORELEASING = YES;
				CLANG_WARN_BOOL_CONVERSION = YES;
				CLANG_WARN_COMMA = YES;
				CLANG_WARN_CONSTANT_CONVERSION = YES;
				CLANG_WARN_DEPRECATED_OBJC_IMPLEMENTATIONS = YES;
				CLANG_WARN_DIRECT_OBJC_ISA_USAGE = YES_ERROR;
				CLANG_WARN_DOCUMENTATION_COMMENTS = YES;
				CLANG_WARN_EMPTY_BODY = YES;
				CLANG_WARN_ENUM_CONVERSION = YES;
				CLANG_WARN_INFINITE_RECURSION = YES;
				CLANG_WARN_INT_CONVERSION = YES;
				CLANG_WARN_NON_LITERAL_NULL_CONVERSION = YES;
				CLANG_WARN_OBJC_IMPLICIT_RETAIN_SELF = YES;
				CLANG_WARN_OBJC_LITERAL_CONVERSION = YES;
				CLANG_WARN_OBJC_ROOT_CLASS = YES_ERROR;
				CLANG_WARN_RANGE_LOOP_ANALYSIS = YES;
				CLANG_WARN_STRICT_PROTOTYPES = YES;
				CLANG_WARN_SUSPICIOUS_MOVE = YES;
				CLANG_WARN_UNGUARDED_AVAILABILITY = YES_AGGRESSIVE;
				CLANG_WARN_UNREACHABLE_CODE = YES;
				CLANG_WARN__DUPLICATE_METHOD_MATCH = YES;
				CODE_SIGN_IDENTITY = "iPhone Developer";
				COPY_PHASE_STRIP = NO;
				DEBUG_INFORMATION_FORMAT = "dwarf-with-dsym";
				ENABLE_NS_ASSERTIONS = NO;
				ENABLE_STRICT_OBJC_MSGSEND = YES;
				GCC_C_LANGUAGE_STANDARD = gnu11;
				GCC_NO_COMMON_BLOCKS = YES;
				GCC_WARN_64_TO_32_BIT_CONVERSION = YES;
				GCC_WARN_ABOUT_RETURN_TYPE = YES_ERROR;
				GCC_WARN_UNDECLARED_SELECTOR = YES;
				GCC_WARN_UNINITIALIZED_AUTOS = YES_AGGRESSIVE;
				GCC_WARN_UNUSED_FUNCTION = YES;
				GCC_WARN_UNUSED_VARIABLE = YES;
				IPHONEOS_DEPLOYMENT_TARGET = 12.1;
				MTL_ENABLE_DEBUG_INFO = NO;
				MTL_FAST_MATH = YES;
				SDKROOT = iphoneos;
				SWIFT_COMPILATION_MODE = wholemodule;
				SWIFT_OPTIMIZATION_LEVEL = "-O";
				VALIDATE_PRODUCT = YES;
			};
			name = Release;
		};
		2D31530E21BE709500934014 /* Debug */ = {
			isa = XCBuildConfiguration;
			baseConfigurationReference = 7E5FF2349F83DF52F4028081 /* Pods-SwiftQrCodeReader.debug.xcconfig */;
			buildSettings = {
				ASSETCATALOG_COMPILER_APPICON_NAME = AppIcon;
				CODE_SIGN_STYLE = Automatic;
				DEVELOPMENT_TEAM = L5NC5X2493;
				INFOPLIST_FILE = SwiftQrCodeReader/Info.plist;
				LD_RUNPATH_SEARCH_PATHS = (
					"$(inherited)",
					"@executable_path/Frameworks",
				);
				PRODUCT_BUNDLE_IDENTIFIER = MAS.SwiftQrCodeReader;
				PRODUCT_NAME = "$(TARGET_NAME)";
				SWIFT_VERSION = 4.2;
				TARGETED_DEVICE_FAMILY = "1,2";
			};
			name = Debug;
		};
		2D31530F21BE709500934014 /* Release */ = {
			isa = XCBuildConfiguration;
			baseConfigurationReference = 7745793D024549B62A31C9EE /* Pods-SwiftQrCodeReader.release.xcconfig */;
			buildSettings = {
				ASSETCATALOG_COMPILER_APPICON_NAME = AppIcon;
				CODE_SIGN_STYLE = Automatic;
				DEVELOPMENT_TEAM = L5NC5X2493;
				INFOPLIST_FILE = SwiftQrCodeReader/Info.plist;
				LD_RUNPATH_SEARCH_PATHS = (
					"$(inherited)",
					"@executable_path/Frameworks",
				);
				PRODUCT_BUNDLE_IDENTIFIER = MAS.SwiftQrCodeReader;
				PRODUCT_NAME = "$(TARGET_NAME)";
				SWIFT_VERSION = 4.2;
				TARGETED_DEVICE_FAMILY = "1,2";
			};
			name = Release;
		};
/* End XCBuildConfiguration section */

/* Begin XCConfigurationList section */
		2D3152F621BE708700934014 /* Build configuration list for PBXProject "SwiftQrCodeReader" */ = {
			isa = XCConfigurationList;
			buildConfigurations = (
				2D31530B21BE709500934014 /* Debug */,
				2D31530C21BE709500934014 /* Release */,
			);
			defaultConfigurationIsVisible = 0;
			defaultConfigurationName = Release;
		};
		2D31530D21BE709500934014 /* Build configuration list for PBXNativeTarget "SwiftQrCodeReader" */ = {
			isa = XCConfigurationList;
			buildConfigurations = (
				2D31530E21BE709500934014 /* Debug */,
				2D31530F21BE709500934014 /* Release */,
			);
			defaultConfigurationIsVisible = 0;
			defaultConfigurationName = Release;
		};
/* End XCConfigurationList section */
	};
	rootObject = 2D3152F321BE708700934014 /* Project object */;
}
